// !$*UTF8*$!
{
	archiveVersion = 1;
	classes = {
	};
	objectVersion = 56;
	objects = {

/* Begin PBXBuildFile section */
		A2CF57FB2B34AD27005FD474 /* CulinaryApp.swift in Sources */ = {isa = PBXBuildFile; fileRef = A2CF57FA2B34AD27005FD474 /* CulinaryApp.swift */; };
		A2CF57FF2B34AD29005FD474 /* Assets.xcassets in Resources */ = {isa = PBXBuildFile; fileRef = A2CF57FE2B34AD29005FD474 /* Assets.xcassets */; };
		A2CF58022B34AD29005FD474 /* Preview Assets.xcassets in Resources */ = {isa = PBXBuildFile; fileRef = A2CF58012B34AD29005FD474 /* Preview Assets.xcassets */; };
		A2CF58072B34AD29005FD474 /* Culinary.xcdatamodeld in Sources */ = {isa = PBXBuildFile; fileRef = A2CF58052B34AD29005FD474 /* Culinary.xcdatamodeld */; };
		A2CF58112B34AD29005FD474 /* CulinaryTests.swift in Sources */ = {isa = PBXBuildFile; fileRef = A2CF58102B34AD29005FD474 /* CulinaryTests.swift */; };
		A2CF581B2B34AD29005FD474 /* CulinaryUITests.swift in Sources */ = {isa = PBXBuildFile; fileRef = A2CF581A2B34AD29005FD474 /* CulinaryUITests.swift */; };
		A2CF581D2B34AD29005FD474 /* CulinaryUITestsLaunchTests.swift in Sources */ = {isa = PBXBuildFile; fileRef = A2CF581C2B34AD29005FD474 /* CulinaryUITestsLaunchTests.swift */; };
		A2CF582E2B34AE6A005FD474 /* Bookmark+CoreDataClass.swift in Sources */ = {isa = PBXBuildFile; fileRef = A2CF582C2B34AE6A005FD474 /* Bookmark+CoreDataClass.swift */; };
		A2CF582F2B34AE6A005FD474 /* Bookmark+CoreDataProperties.swift in Sources */ = {isa = PBXBuildFile; fileRef = A2CF582D2B34AE6A005FD474 /* Bookmark+CoreDataProperties.swift */; };
		A2CF58342B34AF0D005FD474 /* SearchRecipeView.swift in Sources */ = {isa = PBXBuildFile; fileRef = A2CF58332B34AF0D005FD474 /* SearchRecipeView.swift */; };
		A2CF58362B34AF20005FD474 /* BookmarkView.swift in Sources */ = {isa = PBXBuildFile; fileRef = A2CF58352B34AF20005FD474 /* BookmarkView.swift */; };
		A2CF58382B34AF42005FD474 /* RecipeDetailsView.swift in Sources */ = {isa = PBXBuildFile; fileRef = A2CF58372B34AF42005FD474 /* RecipeDetailsView.swift */; };
		A2CF583A2B34AF51005FD474 /* ListView.swift in Sources */ = {isa = PBXBuildFile; fileRef = A2CF58392B34AF51005FD474 /* ListView.swift */; };
		A2CF583E2B34B385005FD474 /* SearchRecipeIntent.swift in Sources */ = {isa = PBXBuildFile; fileRef = A2CF583D2B34B385005FD474 /* SearchRecipeIntent.swift */; };
		A2CF58432B34C51C005FD474 /* TabBarView.swift in Sources */ = {isa = PBXBuildFile; fileRef = A2CF58422B34C51C005FD474 /* TabBarView.swift */; };
		A2CF58462B34C682005FD474 /* Validation.swift in Sources */ = {isa = PBXBuildFile; fileRef = A2CF58452B34C682005FD474 /* Validation.swift */; };
		A2CF58482B34C6B7005FD474 /* FileManagerClass.swift in Sources */ = {isa = PBXBuildFile; fileRef = A2CF58472B34C6B7005FD474 /* FileManagerClass.swift */; };
		A2CF584A2B34C7F8005FD474 /* Recipe.swift in Sources */ = {isa = PBXBuildFile; fileRef = A2CF58492B34C7F8005FD474 /* Recipe.swift */; };
		A2CF584C2B34C8E5005FD474 /* Constants.swift in Sources */ = {isa = PBXBuildFile; fileRef = A2CF584B2B34C8E5005FD474 /* Constants.swift */; };
		A2CF584E2B34C975005FD474 /* DataManager.swift in Sources */ = {isa = PBXBuildFile; fileRef = A2CF584D2B34C975005FD474 /* DataManager.swift */; };
		A2CF58512B34CA65005FD474 /* APIManager.swift in Sources */ = {isa = PBXBuildFile; fileRef = A2CF58502B34CA65005FD474 /* APIManager.swift */; };
		A2CF58532B34CA79005FD474 /* NetworkManager.swift in Sources */ = {isa = PBXBuildFile; fileRef = A2CF58522B34CA79005FD474 /* NetworkManager.swift */; };
		A2CF58572B34CD94005FD474 /* Component.swift in Sources */ = {isa = PBXBuildFile; fileRef = A2CF58562B34CD94005FD474 /* Component.swift */; };
		A2CF58592B34CE0E005FD474 /* BookmarkIntent.swift in Sources */ = {isa = PBXBuildFile; fileRef = A2CF58582B34CE0E005FD474 /* BookmarkIntent.swift */; };
		A2CF585B2B34E1BD005FD474 /* RecipeListIntent.swift in Sources */ = {isa = PBXBuildFile; fileRef = A2CF585A2B34E1BC005FD474 /* RecipeListIntent.swift */; };
		A2CF585D2B34E376005FD474 /* LazyImageIntent.swift in Sources */ = {isa = PBXBuildFile; fileRef = A2CF585C2B34E376005FD474 /* LazyImageIntent.swift */; };
		A2CF585F2B34E39D005FD474 /* CacheManager.swift in Sources */ = {isa = PBXBuildFile; fileRef = A2CF585E2B34E39D005FD474 /* CacheManager.swift */; };
/* End PBXBuildFile section */

/* Begin PBXContainerItemProxy section */
		A2CF580D2B34AD29005FD474 /* PBXContainerItemProxy */ = {
			isa = PBXContainerItemProxy;
			containerPortal = A2CF57EF2B34AD27005FD474 /* Project object */;
			proxyType = 1;
			remoteGlobalIDString = A2CF57F62B34AD27005FD474;
			remoteInfo = Culinary;
		};
		A2CF58172B34AD29005FD474 /* PBXContainerItemProxy */ = {
			isa = PBXContainerItemProxy;
			containerPortal = A2CF57EF2B34AD27005FD474 /* Project object */;
			proxyType = 1;
			remoteGlobalIDString = A2CF57F62B34AD27005FD474;
			remoteInfo = Culinary;
		};
/* End PBXContainerItemProxy section */

/* Begin PBXFileReference section */
		A2CF57F72B34AD27005FD474 /* Culinary.app */ = {isa = PBXFileReference; explicitFileType = wrapper.application; includeInIndex = 0; path = Culinary.app; sourceTree = BUILT_PRODUCTS_DIR; };
		A2CF57FA2B34AD27005FD474 /* CulinaryApp.swift */ = {isa = PBXFileReference; lastKnownFileType = sourcecode.swift; path = CulinaryApp.swift; sourceTree = "<group>"; };
		A2CF57FE2B34AD29005FD474 /* Assets.xcassets */ = {isa = PBXFileReference; lastKnownFileType = folder.assetcatalog; path = Assets.xcassets; sourceTree = "<group>"; };
		A2CF58012B34AD29005FD474 /* Preview Assets.xcassets */ = {isa = PBXFileReference; lastKnownFileType = folder.assetcatalog; path = "Preview Assets.xcassets"; sourceTree = "<group>"; };
		A2CF58062B34AD29005FD474 /* Culinary.xcdatamodel */ = {isa = PBXFileReference; lastKnownFileType = wrapper.xcdatamodel; path = Culinary.xcdatamodel; sourceTree = "<group>"; };
		A2CF580C2B34AD29005FD474 /* CulinaryTests.xctest */ = {isa = PBXFileReference; explicitFileType = wrapper.cfbundle; includeInIndex = 0; path = CulinaryTests.xctest; sourceTree = BUILT_PRODUCTS_DIR; };
		A2CF58102B34AD29005FD474 /* CulinaryTests.swift */ = {isa = PBXFileReference; lastKnownFileType = sourcecode.swift; path = CulinaryTests.swift; sourceTree = "<group>"; };
		A2CF58162B34AD29005FD474 /* CulinaryUITests.xctest */ = {isa = PBXFileReference; explicitFileType = wrapper.cfbundle; includeInIndex = 0; path = CulinaryUITests.xctest; sourceTree = BUILT_PRODUCTS_DIR; };
		A2CF581A2B34AD29005FD474 /* CulinaryUITests.swift */ = {isa = PBXFileReference; lastKnownFileType = sourcecode.swift; path = CulinaryUITests.swift; sourceTree = "<group>"; };
		A2CF581C2B34AD29005FD474 /* CulinaryUITestsLaunchTests.swift */ = {isa = PBXFileReference; lastKnownFileType = sourcecode.swift; path = CulinaryUITestsLaunchTests.swift; sourceTree = "<group>"; };
		A2CF582C2B34AE6A005FD474 /* Bookmark+CoreDataClass.swift */ = {isa = PBXFileReference; lastKnownFileType = sourcecode.swift; path = "Bookmark+CoreDataClass.swift"; sourceTree = "<group>"; };
		A2CF582D2B34AE6A005FD474 /* Bookmark+CoreDataProperties.swift */ = {isa = PBXFileReference; lastKnownFileType = sourcecode.swift; path = "Bookmark+CoreDataProperties.swift"; sourceTree = "<group>"; };
		A2CF58332B34AF0D005FD474 /* SearchRecipeView.swift */ = {isa = PBXFileReference; lastKnownFileType = sourcecode.swift; path = SearchRecipeView.swift; sourceTree = "<group>"; };
		A2CF58352B34AF20005FD474 /* BookmarkView.swift */ = {isa = PBXFileReference; lastKnownFileType = sourcecode.swift; path = BookmarkView.swift; sourceTree = "<group>"; };
		A2CF58372B34AF42005FD474 /* RecipeDetailsView.swift */ = {isa = PBXFileReference; lastKnownFileType = sourcecode.swift; path = RecipeDetailsView.swift; sourceTree = "<group>"; };
		A2CF58392B34AF51005FD474 /* ListView.swift */ = {isa = PBXFileReference; lastKnownFileType = sourcecode.swift; path = ListView.swift; sourceTree = "<group>"; };
		A2CF583B2B34AF74005FD474 /* Info.plist */ = {isa = PBXFileReference; lastKnownFileType = text.plist.xml; path = Info.plist; sourceTree = "<group>"; };
		A2CF583D2B34B385005FD474 /* SearchRecipeIntent.swift */ = {isa = PBXFileReference; lastKnownFileType = sourcecode.swift; path = SearchRecipeIntent.swift; sourceTree = "<group>"; };
		A2CF58422B34C51C005FD474 /* TabBarView.swift */ = {isa = PBXFileReference; lastKnownFileType = sourcecode.swift; path = TabBarView.swift; sourceTree = "<group>"; };
		A2CF58452B34C682005FD474 /* Validation.swift */ = {isa = PBXFileReference; lastKnownFileType = sourcecode.swift; path = Validation.swift; sourceTree = "<group>"; };
		A2CF58472B34C6B7005FD474 /* FileManagerClass.swift */ = {isa = PBXFileReference; lastKnownFileType = sourcecode.swift; path = FileManagerClass.swift; sourceTree = "<group>"; };
		A2CF58492B34C7F8005FD474 /* Recipe.swift */ = {isa = PBXFileReference; lastKnownFileType = sourcecode.swift; path = Recipe.swift; sourceTree = "<group>"; };
		A2CF584B2B34C8E5005FD474 /* Constants.swift */ = {isa = PBXFileReference; lastKnownFileType = sourcecode.swift; path = Constants.swift; sourceTree = "<group>"; };
		A2CF584D2B34C975005FD474 /* DataManager.swift */ = {isa = PBXFileReference; lastKnownFileType = sourcecode.swift; path = DataManager.swift; sourceTree = "<group>"; };
		A2CF58502B34CA65005FD474 /* APIManager.swift */ = {isa = PBXFileReference; lastKnownFileType = sourcecode.swift; path = APIManager.swift; sourceTree = "<group>"; };
		A2CF58522B34CA79005FD474 /* NetworkManager.swift */ = {isa = PBXFileReference; lastKnownFileType = sourcecode.swift; path = NetworkManager.swift; sourceTree = "<group>"; };
		A2CF58562B34CD94005FD474 /* Component.swift */ = {isa = PBXFileReference; lastKnownFileType = sourcecode.swift; path = Component.swift; sourceTree = "<group>"; };
		A2CF58582B34CE0E005FD474 /* BookmarkIntent.swift */ = {isa = PBXFileReference; lastKnownFileType = sourcecode.swift; path = BookmarkIntent.swift; sourceTree = "<group>"; };
		A2CF585A2B34E1BC005FD474 /* RecipeListIntent.swift */ = {isa = PBXFileReference; lastKnownFileType = sourcecode.swift; path = RecipeListIntent.swift; sourceTree = "<group>"; };
		A2CF585C2B34E376005FD474 /* LazyImageIntent.swift */ = {isa = PBXFileReference; lastKnownFileType = sourcecode.swift; path = LazyImageIntent.swift; sourceTree = "<group>"; };
		A2CF585E2B34E39D005FD474 /* CacheManager.swift */ = {isa = PBXFileReference; lastKnownFileType = sourcecode.swift; path = CacheManager.swift; sourceTree = "<group>"; };
/* End PBXFileReference section */

/* Begin PBXFrameworksBuildPhase section */
		A2CF57F42B34AD27005FD474 /* Frameworks */ = {
			isa = PBXFrameworksBuildPhase;
			buildActionMask = 2147483647;
			files = (
			);
			runOnlyForDeploymentPostprocessing = 0;
		};
		A2CF58092B34AD29005FD474 /* Frameworks */ = {
			isa = PBXFrameworksBuildPhase;
			buildActionMask = 2147483647;
			files = (
			);
			runOnlyForDeploymentPostprocessing = 0;
		};
		A2CF58132B34AD29005FD474 /* Frameworks */ = {
			isa = PBXFrameworksBuildPhase;
			buildActionMask = 2147483647;
			files = (
			);
			runOnlyForDeploymentPostprocessing = 0;
		};
/* End PBXFrameworksBuildPhase section */

/* Begin PBXGroup section */
		A2CF57EE2B34AD27005FD474 = {
			isa = PBXGroup;
			children = (
				A2CF57F92B34AD27005FD474 /* Culinary */,
				A2CF580F2B34AD29005FD474 /* CulinaryTests */,
				A2CF58192B34AD29005FD474 /* CulinaryUITests */,
				A2CF57F82B34AD27005FD474 /* Products */,
			);
			sourceTree = "<group>";
		};
		A2CF57F82B34AD27005FD474 /* Products */ = {
			isa = PBXGroup;
			children = (
				A2CF57F72B34AD27005FD474 /* Culinary.app */,
				A2CF580C2B34AD29005FD474 /* CulinaryTests.xctest */,
				A2CF58162B34AD29005FD474 /* CulinaryUITests.xctest */,
			);
			name = Products;
			sourceTree = "<group>";
		};
		A2CF57F92B34AD27005FD474 /* Culinary */ = {
			isa = PBXGroup;
			children = (
				A2CF58292B34ADE7005FD474 /* Model */,
				A2CF582A2B34ADF5005FD474 /* View */,
				A2CF582B2B34ADFE005FD474 /* Intent */,
				A2CF58412B34C4F5005FD474 /* TabBar */,
				A2CF58442B34C65C005FD474 /* Utility */,
				A2CF584F2B34CA42005FD474 /* Service */,
				A2CF58552B34CD74005FD474 /* Component */,
				A2CF583C2B34B2D7005FD474 /* Resources */,
				A2CF57FA2B34AD27005FD474 /* CulinaryApp.swift */,
				A2CF583B2B34AF74005FD474 /* Info.plist */,
				A2CF58002B34AD29005FD474 /* Preview Content */,
			);
			path = Culinary;
			sourceTree = "<group>";
		};
		A2CF58002B34AD29005FD474 /* Preview Content */ = {
			isa = PBXGroup;
			children = (
				A2CF58012B34AD29005FD474 /* Preview Assets.xcassets */,
			);
			path = "Preview Content";
			sourceTree = "<group>";
		};
		A2CF580F2B34AD29005FD474 /* CulinaryTests */ = {
			isa = PBXGroup;
			children = (
				A2CF58102B34AD29005FD474 /* CulinaryTests.swift */,
			);
			path = CulinaryTests;
			sourceTree = "<group>";
		};
		A2CF58192B34AD29005FD474 /* CulinaryUITests */ = {
			isa = PBXGroup;
			children = (
				A2CF581A2B34AD29005FD474 /* CulinaryUITests.swift */,
				A2CF581C2B34AD29005FD474 /* CulinaryUITestsLaunchTests.swift */,
			);
			path = CulinaryUITests;
			sourceTree = "<group>";
		};
		A2CF58292B34ADE7005FD474 /* Model */ = {
			isa = PBXGroup;
			children = (
				A2CF58302B34AE78005FD474 /* DataModel */,
				A2CF58492B34C7F8005FD474 /* Recipe.swift */,
			);
			path = Model;
			sourceTree = "<group>";
		};
		A2CF582A2B34ADF5005FD474 /* View */ = {
			isa = PBXGroup;
			children = (
				A2CF58332B34AF0D005FD474 /* SearchRecipeView.swift */,
				A2CF58392B34AF51005FD474 /* ListView.swift */,
				A2CF58372B34AF42005FD474 /* RecipeDetailsView.swift */,
				A2CF58352B34AF20005FD474 /* BookmarkView.swift */,
			);
			path = View;
			sourceTree = "<group>";
		};
		A2CF582B2B34ADFE005FD474 /* Intent */ = {
			isa = PBXGroup;
			children = (
				A2CF583D2B34B385005FD474 /* SearchRecipeIntent.swift */,
				A2CF585A2B34E1BC005FD474 /* RecipeListIntent.swift */,
				A2CF58582B34CE0E005FD474 /* BookmarkIntent.swift */,
				A2CF585C2B34E376005FD474 /* LazyImageIntent.swift */,
			);
			path = Intent;
			sourceTree = "<group>";
		};
		A2CF58302B34AE78005FD474 /* DataModel */ = {
			isa = PBXGroup;
			children = (
				A2CF582D2B34AE6A005FD474 /* Bookmark+CoreDataProperties.swift */,
				A2CF582C2B34AE6A005FD474 /* Bookmark+CoreDataClass.swift */,
			);
			path = DataModel;
			sourceTree = "<group>";
		};
		A2CF583C2B34B2D7005FD474 /* Resources */ = {
			isa = PBXGroup;
			children = (
				A2CF57FE2B34AD29005FD474 /* Assets.xcassets */,
				A2CF58052B34AD29005FD474 /* Culinary.xcdatamodeld */,
			);
			path = Resources;
			sourceTree = "<group>";
		};
		A2CF58412B34C4F5005FD474 /* TabBar */ = {
			isa = PBXGroup;
			children = (
				A2CF58422B34C51C005FD474 /* TabBarView.swift */,
			);
			path = TabBar;
			sourceTree = "<group>";
		};
		A2CF58442B34C65C005FD474 /* Utility */ = {
			isa = PBXGroup;
			children = (
				A2CF584D2B34C975005FD474 /* DataManager.swift */,
				A2CF58472B34C6B7005FD474 /* FileManagerClass.swift */,
				A2CF58452B34C682005FD474 /* Validation.swift */,
				A2CF584B2B34C8E5005FD474 /* Constants.swift */,
			);
			path = Utility;
			sourceTree = "<group>";
		};
		A2CF584F2B34CA42005FD474 /* Service */ = {
			isa = PBXGroup;
			children = (
				A2CF58522B34CA79005FD474 /* NetworkManager.swift */,
				A2CF58502B34CA65005FD474 /* APIManager.swift */,
				A2CF585E2B34E39D005FD474 /* CacheManager.swift */,
			);
			path = Service;
			sourceTree = "<group>";
		};
		A2CF58552B34CD74005FD474 /* Component */ = {
			isa = PBXGroup;
			children = (
				A2CF58562B34CD94005FD474 /* Component.swift */,
			);
			path = Component;
			sourceTree = "<group>";
		};
/* End PBXGroup section */

/* Begin PBXNativeTarget section */
		A2CF57F62B34AD27005FD474 /* Culinary */ = {
			isa = PBXNativeTarget;
			buildConfigurationList = A2CF58202B34AD29005FD474 /* Build configuration list for PBXNativeTarget "Culinary" */;
			buildPhases = (
				A2CF57F32B34AD27005FD474 /* Sources */,
				A2CF57F42B34AD27005FD474 /* Frameworks */,
				A2CF57F52B34AD27005FD474 /* Resources */,
			);
			buildRules = (
			);
			dependencies = (
			);
			name = Culinary;
			productName = Culinary;
			productReference = A2CF57F72B34AD27005FD474 /* Culinary.app */;
			productType = "com.apple.product-type.application";
		};
		A2CF580B2B34AD29005FD474 /* CulinaryTests */ = {
			isa = PBXNativeTarget;
			buildConfigurationList = A2CF58232B34AD29005FD474 /* Build configuration list for PBXNativeTarget "CulinaryTests" */;
			buildPhases = (
				A2CF58082B34AD29005FD474 /* Sources */,
				A2CF58092B34AD29005FD474 /* Frameworks */,
				A2CF580A2B34AD29005FD474 /* Resources */,
			);
			buildRules = (
			);
			dependencies = (
				A2CF580E2B34AD29005FD474 /* PBXTargetDependency */,
			);
			name = CulinaryTests;
			productName = CulinaryTests;
			productReference = A2CF580C2B34AD29005FD474 /* CulinaryTests.xctest */;
			productType = "com.apple.product-type.bundle.unit-test";
		};
		A2CF58152B34AD29005FD474 /* CulinaryUITests */ = {
			isa = PBXNativeTarget;
			buildConfigurationList = A2CF58262B34AD29005FD474 /* Build configuration list for PBXNativeTarget "CulinaryUITests" */;
			buildPhases = (
				A2CF58122B34AD29005FD474 /* Sources */,
				A2CF58132B34AD29005FD474 /* Frameworks */,
				A2CF58142B34AD29005FD474 /* Resources */,
			);
			buildRules = (
			);
			dependencies = (
				A2CF58182B34AD29005FD474 /* PBXTargetDependency */,
			);
			name = CulinaryUITests;
			productName = CulinaryUITests;
			productReference = A2CF58162B34AD29005FD474 /* CulinaryUITests.xctest */;
			productType = "com.apple.product-type.bundle.ui-testing";
		};
/* End PBXNativeTarget section */

/* Begin PBXProject section */
		A2CF57EF2B34AD27005FD474 /* Project object */ = {
			isa = PBXProject;
			attributes = {
				BuildIndependentTargetsInParallel = 1;
				LastSwiftUpdateCheck = 1510;
				LastUpgradeCheck = 1510;
				TargetAttributes = {
					A2CF57F62B34AD27005FD474 = {
						CreatedOnToolsVersion = 15.1;
					};
					A2CF580B2B34AD29005FD474 = {
						CreatedOnToolsVersion = 15.1;
						TestTargetID = A2CF57F62B34AD27005FD474;
					};
					A2CF58152B34AD29005FD474 = {
						CreatedOnToolsVersion = 15.1;
						TestTargetID = A2CF57F62B34AD27005FD474;
					};
				};
			};
			buildConfigurationList = A2CF57F22B34AD27005FD474 /* Build configuration list for PBXProject "Culinary" */;
			compatibilityVersion = "Xcode 14.0";
			developmentRegion = en;
			hasScannedForEncodings = 0;
			knownRegions = (
				en,
				Base,
			);
			mainGroup = A2CF57EE2B34AD27005FD474;
			productRefGroup = A2CF57F82B34AD27005FD474 /* Products */;
			projectDirPath = "";
			projectRoot = "";
			targets = (
				A2CF57F62B34AD27005FD474 /* Culinary */,
				A2CF580B2B34AD29005FD474 /* CulinaryTests */,
				A2CF58152B34AD29005FD474 /* CulinaryUITests */,
			);
		};
/* End PBXProject section */

/* Begin PBXResourcesBuildPhase section */
		A2CF57F52B34AD27005FD474 /* Resources */ = {
			isa = PBXResourcesBuildPhase;
			buildActionMask = 2147483647;
			files = (
				A2CF58022B34AD29005FD474 /* Preview Assets.xcassets in Resources */,
				A2CF57FF2B34AD29005FD474 /* Assets.xcassets in Resources */,
			);
			runOnlyForDeploymentPostprocessing = 0;
		};
		A2CF580A2B34AD29005FD474 /* Resources */ = {
			isa = PBXResourcesBuildPhase;
			buildActionMask = 2147483647;
			files = (
			);
			runOnlyForDeploymentPostprocessing = 0;
		};
		A2CF58142B34AD29005FD474 /* Resources */ = {
			isa = PBXResourcesBuildPhase;
			buildActionMask = 2147483647;
			files = (
			);
			runOnlyForDeploymentPostprocessing = 0;
		};
/* End PBXResourcesBuildPhase section */

/* Begin PBXSourcesBuildPhase section */
		A2CF57F32B34AD27005FD474 /* Sources */ = {
			isa = PBXSourcesBuildPhase;
			buildActionMask = 2147483647;
			files = (
				A2CF58532B34CA79005FD474 /* NetworkManager.swift in Sources */,
				A2CF58572B34CD94005FD474 /* Component.swift in Sources */,
				A2CF584A2B34C7F8005FD474 /* Recipe.swift in Sources */,
				A2CF584E2B34C975005FD474 /* DataManager.swift in Sources */,
				A2CF58342B34AF0D005FD474 /* SearchRecipeView.swift in Sources */,
				A2CF585D2B34E376005FD474 /* LazyImageIntent.swift in Sources */,
				A2CF585F2B34E39D005FD474 /* CacheManager.swift in Sources */,
				A2CF58432B34C51C005FD474 /* TabBarView.swift in Sources */,
				A2CF58362B34AF20005FD474 /* BookmarkView.swift in Sources */,
				A2CF58072B34AD29005FD474 /* Culinary.xcdatamodeld in Sources */,
				A2CF584C2B34C8E5005FD474 /* Constants.swift in Sources */,
				A2CF58382B34AF42005FD474 /* RecipeDetailsView.swift in Sources */,
				A2CF582F2B34AE6A005FD474 /* Bookmark+CoreDataProperties.swift in Sources */,
				A2CF585B2B34E1BD005FD474 /* RecipeListIntent.swift in Sources */,
				A2CF58592B34CE0E005FD474 /* BookmarkIntent.swift in Sources */,
				A2CF582E2B34AE6A005FD474 /* Bookmark+CoreDataClass.swift in Sources */,
				A2CF57FB2B34AD27005FD474 /* CulinaryApp.swift in Sources */,
				A2CF58482B34C6B7005FD474 /* FileManagerClass.swift in Sources */,
				A2CF58512B34CA65005FD474 /* APIManager.swift in Sources */,
				A2CF583E2B34B385005FD474 /* SearchRecipeIntent.swift in Sources */,
				A2CF58462B34C682005FD474 /* Validation.swift in Sources */,
				A2CF583A2B34AF51005FD474 /* ListView.swift in Sources */,
			);
			runOnlyForDeploymentPostprocessing = 0;
		};
		A2CF58082B34AD29005FD474 /* Sources */ = {
			isa = PBXSourcesBuildPhase;
			buildActionMask = 2147483647;
			files = (
				A2CF58112B34AD29005FD474 /* CulinaryTests.swift in Sources */,
			);
			runOnlyForDeploymentPostprocessing = 0;
		};
		A2CF58122B34AD29005FD474 /* Sources */ = {
			isa = PBXSourcesBuildPhase;
			buildActionMask = 2147483647;
			files = (
				A2CF581D2B34AD29005FD474 /* CulinaryUITestsLaunchTests.swift in Sources */,
				A2CF581B2B34AD29005FD474 /* CulinaryUITests.swift in Sources */,
			);
			runOnlyForDeploymentPostprocessing = 0;
		};
/* End PBXSourcesBuildPhase section */

/* Begin PBXTargetDependency section */
		A2CF580E2B34AD29005FD474 /* PBXTargetDependency */ = {
			isa = PBXTargetDependency;
			target = A2CF57F62B34AD27005FD474 /* Culinary */;
			targetProxy = A2CF580D2B34AD29005FD474 /* PBXContainerItemProxy */;
		};
		A2CF58182B34AD29005FD474 /* PBXTargetDependency */ = {
			isa = PBXTargetDependency;
			target = A2CF57F62B34AD27005FD474 /* Culinary */;
			targetProxy = A2CF58172B34AD29005FD474 /* PBXContainerItemProxy */;
		};
/* End PBXTargetDependency section */

/* Begin XCBuildConfiguration section */
		A2CF581E2B34AD29005FD474 /* Debug */ = {
			isa = XCBuildConfiguration;
			buildSettings = {
				ALWAYS_SEARCH_USER_PATHS = NO;
				ASSETCATALOG_COMPILER_GENERATE_SWIFT_ASSET_SYMBOL_EXTENSIONS = YES;
				CLANG_ANALYZER_NONNULL = YES;
				CLANG_ANALYZER_NUMBER_OBJECT_CONVERSION = YES_AGGRESSIVE;
				CLANG_CXX_LANGUAGE_STANDARD = "gnu++20";
				CLANG_ENABLE_MODULES = YES;
				CLANG_ENABLE_OBJC_ARC = YES;
				CLANG_ENABLE_OBJC_WEAK = YES;
				CLANG_WARN_BLOCK_CAPTURE_AUTORELEASING = YES;
				CLANG_WARN_BOOL_CONVERSION = YES;
				CLANG_WARN_COMMA = YES;
				CLANG_WARN_CONSTANT_CONVERSION = YES;
				CLANG_WARN_DEPRECATED_OBJC_IMPLEMENTATIONS = YES;
				CLANG_WARN_DIRECT_OBJC_ISA_USAGE = YES_ERROR;
				CLANG_WARN_DOCUMENTATION_COMMENTS = YES;
				CLANG_WARN_EMPTY_BODY = YES;
				CLANG_WARN_ENUM_CONVERSION = YES;
				CLANG_WARN_INFINITE_RECURSION = YES;
				CLANG_WARN_INT_CONVERSION = YES;
				CLANG_WARN_NON_LITERAL_NULL_CONVERSION = YES;
				CLANG_WARN_OBJC_IMPLICIT_RETAIN_SELF = YES;
				CLANG_WARN_OBJC_LITERAL_CONVERSION = YES;
				CLANG_WARN_OBJC_ROOT_CLASS = YES_ERROR;
				CLANG_WARN_QUOTED_INCLUDE_IN_FRAMEWORK_HEADER = YES;
				CLANG_WARN_RANGE_LOOP_ANALYSIS = YES;
				CLANG_WARN_STRICT_PROTOTYPES = YES;
				CLANG_WARN_SUSPICIOUS_MOVE = YES;
				CLANG_WARN_UNGUARDED_AVAILABILITY = YES_AGGRESSIVE;
				CLANG_WARN_UNREACHABLE_CODE = YES;
				CLANG_WARN__DUPLICATE_METHOD_MATCH = YES;
				COPY_PHASE_STRIP = NO;
				DEBUG_INFORMATION_FORMAT = dwarf;
				ENABLE_STRICT_OBJC_MSGSEND = YES;
				ENABLE_TESTABILITY = YES;
				ENABLE_USER_SCRIPT_SANDBOXING = YES;
				GCC_C_LANGUAGE_STANDARD = gnu17;
				GCC_DYNAMIC_NO_PIC = NO;
				GCC_NO_COMMON_BLOCKS = YES;
				GCC_OPTIMIZATION_LEVEL = 0;
				GCC_PREPROCESSOR_DEFINITIONS = (
					"DEBUG=1",
					"$(inherited)",
				);
				GCC_WARN_64_TO_32_BIT_CONVERSION = YES;
				GCC_WARN_ABOUT_RETURN_TYPE = YES_ERROR;
				GCC_WARN_UNDECLARED_SELECTOR = YES;
				GCC_WARN_UNINITIALIZED_AUTOS = YES_AGGRESSIVE;
				GCC_WARN_UNUSED_FUNCTION = YES;
				GCC_WARN_UNUSED_VARIABLE = YES;
				IPHONEOS_DEPLOYMENT_TARGET = 17.2;
				LOCALIZATION_PREFERS_STRING_CATALOGS = YES;
				MTL_ENABLE_DEBUG_INFO = INCLUDE_SOURCE;
				MTL_FAST_MATH = YES;
				ONLY_ACTIVE_ARCH = YES;
				SDKROOT = iphoneos;
				SWIFT_ACTIVE_COMPILATION_CONDITIONS = "DEBUG $(inherited)";
				SWIFT_OPTIMIZATION_LEVEL = "-Onone";
			};
			name = Debug;
		};
		A2CF581F2B34AD29005FD474 /* Release */ = {
			isa = XCBuildConfiguration;
			buildSettings = {
				ALWAYS_SEARCH_USER_PATHS = NO;
				ASSETCATALOG_COMPILER_GENERATE_SWIFT_ASSET_SYMBOL_EXTENSIONS = YES;
				CLANG_ANALYZER_NONNULL = YES;
				CLANG_ANALYZER_NUMBER_OBJECT_CONVERSION = YES_AGGRESSIVE;
				CLANG_CXX_LANGUAGE_STANDARD = "gnu++20";
				CLANG_ENABLE_MODULES = YES;
				CLANG_ENABLE_OBJC_ARC = YES;
				CLANG_ENABLE_OBJC_WEAK = YES;
				CLANG_WARN_BLOCK_CAPTURE_AUTORELEASING = YES;
				CLANG_WARN_BOOL_CONVERSION = YES;
				CLANG_WARN_COMMA = YES;
				CLANG_WARN_CONSTANT_CONVERSION = YES;
				CLANG_WARN_DEPRECATED_OBJC_IMPLEMENTATIONS = YES;
				CLANG_WARN_DIRECT_OBJC_ISA_USAGE = YES_ERROR;
				CLANG_WARN_DOCUMENTATION_COMMENTS = YES;
				CLANG_WARN_EMPTY_BODY = YES;
				CLANG_WARN_ENUM_CONVERSION = YES;
				CLANG_WARN_INFINITE_RECURSION = YES;
				CLANG_WARN_INT_CONVERSION = YES;
				CLANG_WARN_NON_LITERAL_NULL_CONVERSION = YES;
				CLANG_WARN_OBJC_IMPLICIT_RETAIN_SELF = YES;
				CLANG_WARN_OBJC_LITERAL_CONVERSION = YES;
				CLANG_WARN_OBJC_ROOT_CLASS = YES_ERROR;
				CLANG_WARN_QUOTED_INCLUDE_IN_FRAMEWORK_HEADER = YES;
				CLANG_WARN_RANGE_LOOP_ANALYSIS = YES;
				CLANG_WARN_STRICT_PROTOTYPES = YES;
				CLANG_WARN_SUSPICIOUS_MOVE = YES;
				CLANG_WARN_UNGUARDED_AVAILABILITY = YES_AGGRESSIVE;
				CLANG_WARN_UNREACHABLE_CODE = YES;
				CLANG_WARN__DUPLICATE_METHOD_MATCH = YES;
				COPY_PHASE_STRIP = NO;
				DEBUG_INFORMATION_FORMAT = "dwarf-with-dsym";
				ENABLE_NS_ASSERTIONS = NO;
				ENABLE_STRICT_OBJC_MSGSEND = YES;
				ENABLE_USER_SCRIPT_SANDBOXING = YES;
				GCC_C_LANGUAGE_STANDARD = gnu17;
				GCC_NO_COMMON_BLOCKS = YES;
				GCC_WARN_64_TO_32_BIT_CONVERSION = YES;
				GCC_WARN_ABOUT_RETURN_TYPE = YES_ERROR;
				GCC_WARN_UNDECLARED_SELECTOR = YES;
				GCC_WARN_UNINITIALIZED_AUTOS = YES_AGGRESSIVE;
				GCC_WARN_UNUSED_FUNCTION = YES;
				GCC_WARN_UNUSED_VARIABLE = YES;
				IPHONEOS_DEPLOYMENT_TARGET = 17.2;
				LOCALIZATION_PREFERS_STRING_CATALOGS = YES;
				MTL_ENABLE_DEBUG_INFO = NO;
				MTL_FAST_MATH = YES;
				SDKROOT = iphoneos;
				SWIFT_COMPILATION_MODE = wholemodule;
				VALIDATE_PRODUCT = YES;
			};
			name = Release;
		};
		A2CF58212B34AD29005FD474 /* Debug */ = {
			isa = XCBuildConfiguration;
			buildSettings = {
				ASSETCATALOG_COMPILER_APPICON_NAME = AppIcon;
				ASSETCATALOG_COMPILER_GLOBAL_ACCENT_COLOR_NAME = AccentColor;
				CODE_SIGN_STYLE = Automatic;
				CURRENT_PROJECT_VERSION = 1;
				DEVELOPMENT_ASSET_PATHS = "\"Culinary/Preview Content\"";
				DEVELOPMENT_TEAM = AJ6UG629X6;
				ENABLE_PREVIEWS = YES;
				GENERATE_INFOPLIST_FILE = YES;
				INFOPLIST_FILE = Culinary/Info.plist;
				INFOPLIST_KEY_UIApplicationSceneManifest_Generation = YES;
				INFOPLIST_KEY_UIApplicationSupportsIndirectInputEvents = YES;
				INFOPLIST_KEY_UISupportedInterfaceOrientations_iPad = "UIInterfaceOrientationPortrait UIInterfaceOrientationPortraitUpsideDown UIInterfaceOrientationLandscapeLeft UIInterfaceOrientationLandscapeRight";
				INFOPLIST_KEY_UISupportedInterfaceOrientations_iPhone = "UIInterfaceOrientationPortrait UIInterfaceOrientationLandscapeLeft UIInterfaceOrientationLandscapeRight";
				LD_RUNPATH_SEARCH_PATHS = (
					"$(inherited)",
					"@executable_path/Frameworks",
				);
				MARKETING_VERSION = 1.0;
				PRODUCT_BUNDLE_IDENTIFIER = com.singhinamerica.Culinary;
				PRODUCT_NAME = "$(TARGET_NAME)";
				SWIFT_EMIT_LOC_STRINGS = YES;
				SWIFT_VERSION = 5.0;
				TARGETED_DEVICE_FAMILY = "1,2";
			};
			name = Debug;
		};
		A2CF58222B34AD29005FD474 /* Release */ = {
			isa = XCBuildConfiguration;
			buildSettings = {
				ASSETCATALOG_COMPILER_APPICON_NAME = AppIcon;
				ASSETCATALOG_COMPILER_GLOBAL_ACCENT_COLOR_NAME = AccentColor;
				CODE_SIGN_STYLE = Automatic;
				CURRENT_PROJECT_VERSION = 1;
				DEVELOPMENT_ASSET_PATHS = "\"Culinary/Preview Content\"";
				DEVELOPMENT_TEAM = AJ6UG629X6;
				ENABLE_PREVIEWS = YES;
				GENERATE_INFOPLIST_FILE = YES;
				INFOPLIST_FILE = Culinary/Info.plist;
				INFOPLIST_KEY_UIApplicationSceneManifest_Generation = YES;
				INFOPLIST_KEY_UIApplicationSupportsIndirectInputEvents = YES;
				INFOPLIST_KEY_UISupportedInterfaceOrientations_iPad = "UIInterfaceOrientationPortrait UIInterfaceOrientationPortraitUpsideDown UIInterfaceOrientationLandscapeLeft UIInterfaceOrientationLandscapeRight";
				INFOPLIST_KEY_UISupportedInterfaceOrientations_iPhone = "UIInterfaceOrientationPortrait UIInterfaceOrientationLandscapeLeft UIInterfaceOrientationLandscapeRight";
				LD_RUNPATH_SEARCH_PATHS = (
					"$(inherited)",
					"@executable_path/Frameworks",
				);
				MARKETING_VERSION = 1.0;
				PRODUCT_BUNDLE_IDENTIFIER = com.singhinamerica.Culinary;
				PRODUCT_NAME = "$(TARGET_NAME)";
				SWIFT_EMIT_LOC_STRINGS = YES;
				SWIFT_VERSION = 5.0;
				TARGETED_DEVICE_FAMILY = "1,2";
			};
			name = Release;
		};
		A2CF58242B34AD29005FD474 /* Debug */ = {
			isa = XCBuildConfiguration;
			buildSettings = {
				ALWAYS_EMBED_SWIFT_STANDARD_LIBRARIES = YES;
				BUNDLE_LOADER = "$(TEST_HOST)";
				CODE_SIGN_STYLE = Automatic;
				CURRENT_PROJECT_VERSION = 1;
				DEVELOPMENT_TEAM = AJ6UG629X6;
				GENERATE_INFOPLIST_FILE = YES;
				IPHONEOS_DEPLOYMENT_TARGET = 17.2;
				MARKETING_VERSION = 1.0;
				PRODUCT_BUNDLE_IDENTIFIER = com.singhinamerica.CulinaryTests;
				PRODUCT_NAME = "$(TARGET_NAME)";
				SWIFT_EMIT_LOC_STRINGS = NO;
				SWIFT_VERSION = 5.0;
				TARGETED_DEVICE_FAMILY = "1,2";
				TEST_HOST = "$(BUILT_PRODUCTS_DIR)/Culinary.app/$(BUNDLE_EXECUTABLE_FOLDER_PATH)/Culinary";
			};
			name = Debug;
		};
		A2CF58252B34AD29005FD474 /* Release */ = {
			isa = XCBuildConfiguration;
			buildSettings = {
				ALWAYS_EMBED_SWIFT_STANDARD_LIBRARIES = YES;
				BUNDLE_LOADER = "$(TEST_HOST)";
				CODE_SIGN_STYLE = Automatic;
				CURRENT_PROJECT_VERSION = 1;
				DEVELOPMENT_TEAM = AJ6UG629X6;
				GENERATE_INFOPLIST_FILE = YES;
				IPHONEOS_DEPLOYMENT_TARGET = 17.2;
				MARKETING_VERSION = 1.0;
				PRODUCT_BUNDLE_IDENTIFIER = com.singhinamerica.CulinaryTests;
				PRODUCT_NAME = "$(TARGET_NAME)";
				SWIFT_EMIT_LOC_STRINGS = NO;
				SWIFT_VERSION = 5.0;
				TARGETED_DEVICE_FAMILY = "1,2";
				TEST_HOST = "$(BUILT_PRODUCTS_DIR)/Culinary.app/$(BUNDLE_EXECUTABLE_FOLDER_PATH)/Culinary";
			};
			name = Release;
		};
		A2CF58272B34AD29005FD474 /* Debug */ = {
			isa = XCBuildConfiguration;
			buildSettings = {
				ALWAYS_EMBED_SWIFT_STANDARD_LIBRARIES = YES;
				CODE_SIGN_STYLE = Automatic;
				CURRENT_PROJECT_VERSION = 1;
				DEVELOPMENT_TEAM = AJ6UG629X6;
				GENERATE_INFOPLIST_FILE = YES;
				MARKETING_VERSION = 1.0;
				PRODUCT_BUNDLE_IDENTIFIER = com.singhinamerica.CulinaryUITests;
				PRODUCT_NAME = "$(TARGET_NAME)";
				SWIFT_EMIT_LOC_STRINGS = NO;
				SWIFT_VERSION = 5.0;
				TARGETED_DEVICE_FAMILY = "1,2";
				TEST_TARGET_NAME = Culinary;
			};
			name = Debug;
		};
		A2CF58282B34AD29005FD474 /* Release */ = {
			isa = XCBuildConfiguration;
			buildSettings = {
				ALWAYS_EMBED_SWIFT_STANDARD_LIBRARIES = YES;
				CODE_SIGN_STYLE = Automatic;
				CURRENT_PROJECT_VERSION = 1;
				DEVELOPMENT_TEAM = AJ6UG629X6;
				GENERATE_INFOPLIST_FILE = YES;
				MARKETING_VERSION = 1.0;
				PRODUCT_BUNDLE_IDENTIFIER = com.singhinamerica.CulinaryUITests;
				PRODUCT_NAME = "$(TARGET_NAME)";
				SWIFT_EMIT_LOC_STRINGS = NO;
				SWIFT_VERSION = 5.0;
				TARGETED_DEVICE_FAMILY = "1,2";
				TEST_TARGET_NAME = Culinary;
			};
			name = Release;
		};
/* End XCBuildConfiguration section */

/* Begin XCConfigurationList section */
		A2CF57F22B34AD27005FD474 /* Build configuration list for PBXProject "Culinary" */ = {
			isa = XCConfigurationList;
			buildConfigurations = (
				A2CF581E2B34AD29005FD474 /* Debug */,
				A2CF581F2B34AD29005FD474 /* Release */,
			);
			defaultConfigurationIsVisible = 0;
			defaultConfigurationName = Release;
		};
		A2CF58202B34AD29005FD474 /* Build configuration list for PBXNativeTarget "Culinary" */ = {
			isa = XCConfigurationList;
			buildConfigurations = (
				A2CF58212B34AD29005FD474 /* Debug */,
				A2CF58222B34AD29005FD474 /* Release */,
			);
			defaultConfigurationIsVisible = 0;
			defaultConfigurationName = Release;
		};
		A2CF58232B34AD29005FD474 /* Build configuration list for PBXNativeTarget "CulinaryTests" */ = {
			isa = XCConfigurationList;
			buildConfigurations = (
				A2CF58242B34AD29005FD474 /* Debug */,
				A2CF58252B34AD29005FD474 /* Release */,
			);
			defaultConfigurationIsVisible = 0;
			defaultConfigurationName = Release;
		};
		A2CF58262B34AD29005FD474 /* Build configuration list for PBXNativeTarget "CulinaryUITests" */ = {
			isa = XCConfigurationList;
			buildConfigurations = (
				A2CF58272B34AD29005FD474 /* Debug */,
				A2CF58282B34AD29005FD474 /* Release */,
			);
			defaultConfigurationIsVisible = 0;
			defaultConfigurationName = Release;
		};
/* End XCConfigurationList section */

/* Begin XCVersionGroup section */
		A2CF58052B34AD29005FD474 /* Culinary.xcdatamodeld */ = {
			isa = XCVersionGroup;
			children = (
				A2CF58062B34AD29005FD474 /* Culinary.xcdatamodel */,
			);
			currentVersion = A2CF58062B34AD29005FD474 /* Culinary.xcdatamodel */;
			path = Culinary.xcdatamodeld;
			sourceTree = "<group>";
			versionGroupType = wrapper.xcdatamodel;
		};
/* End XCVersionGroup section */
	};
	rootObject = A2CF57EF2B34AD27005FD474 /* Project object */;
}
